<?xml version="1.0" encoding="utf-8"?>
<Project ToolsVersion="4.0" xmlns="http://schemas.microsoft.com/developer/msbuild/2003">
  <ItemGroup>
    <Filter Include="Исходные файлы">
      <UniqueIdentifier>{4FC737F1-C7A5-4376-A066-2A32D752A2FF}</UniqueIdentifier>
      <Extensions>cpp;c;cc;cxx;c++;cppm;ixx;def;odl;idl;hpj;bat;asm;asmx</Extensions>
    </Filter>
    <Filter Include="Файлы заголовков">
      <UniqueIdentifier>{93995380-89BD-4b04-88EB-625FBE52EBFB}</UniqueIdentifier>
      <Extensions>h;hh;hpp;hxx;h++;hm;inl;inc;ipp;xsd</Extensions>
    </Filter>
    <Filter Include="Файлы ресурсов">
      <UniqueIdentifier>{67DA6AB6-F800-4c08-8B7A-83BB121AAD01}</UniqueIdentifier>
      <Extensions>rc;ico;cur;bmp;dlg;rc2;rct;bin;rgs;gif;jpg;jpeg;jpe;resx;tiff;tif;png;wav;mfcribbon-ms</Extensions>
    </Filter>
    <Filter Include="Файлы ресурсов\lib">
      <UniqueIdentifier>{4fffe0f7-1d44-4b6e-8b7f-03ee389fc878}</UniqueIdentifier>
    </Filter>
    <Filter Include="Файлы ресурсов\fig">
      <UniqueIdentifier>{c229eaea-c5d6-4a95-a85a-8a0bfb686984}</UniqueIdentifier>
    </Filter>
    <Filter Include="Файлы ресурсов\font">
      <UniqueIdentifier>{9e829c87-4b6d-4557-b800-f72acdbe751d}</UniqueIdentifier>
    </Filter>
    <Filter Include="VDM_exe">
      <UniqueIdentifier>{9279c8cb-8b9e-483d-9481-543a8ec2e216}</UniqueIdentifier>
    </Filter>
    <Filter Include="VDM_exe\font">
      <UniqueIdentifier>{3147a2d9-707c-441c-afb6-15d3d9261a05}</UniqueIdentifier>
    </Filter>
  </ItemGroup>
  <ItemGroup>
    <None Include="lib\openal32.dll">
      <Filter>Файлы ресурсов\lib</Filter>
    </None>
    <None Include="lib\sfml-audio-2.dll">
      <Filter>Файлы ресурсов\lib</Filter>
    </None>
    <None Include="lib\sfml-audio-d-2.dll">
      <Filter>Файлы ресурсов\lib</Filter>
    </None>
    <None Include="lib\sfml-graphics-2.dll">
      <Filter>Файлы ресурсов\lib</Filter>
    </None>
    <None Include="lib\sfml-graphics-d-2.dll">
      <Filter>Файлы ресурсов\lib</Filter>
    </None>
    <None Include="lib\sfml-network-2.dll">
      <Filter>Файлы ресурсов\lib</Filter>
    </None>
    <None Include="lib\sfml-network-d-2.dll">
      <Filter>Файлы ресурсов\lib</Filter>
    </None>
    <None Include="lib\sfml-system-2.dll">
      <Filter>Файлы ресурсов\lib</Filter>
    </None>
    <None Include="lib\sfml-system-d-2.dll">
      <Filter>Файлы ресурсов\lib</Filter>
    </None>
    <None Include="lib\sfml-window-2.dll">
      <Filter>Файлы ресурсов\lib</Filter>
    </None>
    <None Include="lib\sfml-window-d-2.dll">
      <Filter>Файлы ресурсов\lib</Filter>
    </None>
    <None Include="..\VPM_exe\msvcp140d.dll">
      <Filter>VDM_exe</Filter>
    </None>
    <None Include="..\VPM_exe\openal32.dll">
      <Filter>VDM_exe</Filter>
    </None>
    <None Include="..\VPM_exe\sfml-graphics-2.dll">
      <Filter>VDM_exe</Filter>
    </None>
    <None Include="..\VPM_exe\sfml-graphics-d-2.dll">
      <Filter>VDM_exe</Filter>
    </None>
    <None Include="..\VPM_exe\sfml-system-2.dll">
      <Filter>VDM_exe</Filter>
    </None>
    <None Include="..\VPM_exe\sfml-system-d-2.dll">
      <Filter>VDM_exe</Filter>
    </None>
    <None Include="..\VPM_exe\sfml-window-2.dll">
      <Filter>VDM_exe</Filter>
    </None>
    <None Include="..\VPM_exe\sfml-window-d-2.dll">
      <Filter>VDM_exe</Filter>
    </None>
    <None Include="..\VPM_exe\ucrtbased.dll">
      <Filter>VDM_exe</Filter>
    </None>
    <None Include="..\VPM_exe\vcruntime140_1d.dll">
      <Filter>VDM_exe</Filter>
    </None>
    <None Include="..\VPM_exe\vcruntime140d.dll">
      <Filter>VDM_exe</Filter>
    </None>
    <None Include="..\VPM_exe\VortexPanelMethod.exe">
      <Filter>VDM_exe</Filter>
    </None>
  </ItemGroup>
  <ItemGroup>
    <ClCompile Include="source\VortexPanelMethod.cpp">
      <Filter>Исходные файлы</Filter>
    </ClCompile>
    <ClCompile Include="source\WindowManager.cpp">
      <Filter>Исходные файлы</Filter>
    </ClCompile>
    <ClCompile Include="source\Wing.cpp">
      <Filter>Исходные файлы</Filter>
    </ClCompile>
  </ItemGroup>
  <ItemGroup>
    <ClInclude Include="source\Panel.h">
      <Filter>Файлы заголовков</Filter>
    </ClInclude>
    <ClInclude Include="source\Point.h">
      <Filter>Файлы заголовков</Filter>
    </ClInclude>
    <ClInclude Include="source\solver.h">
      <Filter>Файлы заголовков</Filter>
    </ClInclude>
    <ClInclude Include="source\WindowManager.h">
      <Filter>Файлы заголовков</Filter>
    </ClInclude>
    <ClInclude Include="source\Wing.h">
      <Filter>Файлы заголовков</Filter>
    </ClInclude>
  </ItemGroup>
  <ItemGroup>
    <Image Include="..\fig\pressure.gif">
      <Filter>Файлы ресурсов\fig</Filter>
    </Image>
    <Image Include="..\fig\streamline1.gif">
      <Filter>Файлы ресурсов\fig</Filter>
    </Image>
    <Image Include="..\fig\streamlines2.gif">
      <Filter>Файлы ресурсов\fig</Filter>
    </Image>
  </ItemGroup>
  <ItemGroup>
    <Font Include="font\arialmt.ttf">
      <Filter>Файлы ресурсов\font</Filter>
    </Font>
    <Font Include="..\VPM_exe\font\HomeVideo-Regular.otf">
      <Filter>VDM_exe\font</Filter>
    </Font>
  </ItemGroup>
</Project>